
Microsoft Visual Studio Solution File, Format Version 12.00
# Visual Studio Version 16
VisualStudioVersion = 16.0.31205.134
MinimumVisualStudioVersion = 10.0.40219.1
Project("{FAE04EC0-301F-11D3-BF4B-00C04F79EFBC}") = "AutofacInfiniteLoop", "AutofacInfiniteLoop.csproj", "{5C1C18D4-A4BD-4C4F-9F62-2BC863A1A9E0}"
EndProject
Global
	GlobalSection(SolutionConfigurationPlatforms) = preSolution
		Debug|Any CPU = Debug|Any CPU
		Release|Any CPU = Release|Any CPU
	EndGlobalSection
	GlobalSection(ProjectConfigurationPlatforms) = postSolution
		{5C1C18D4-A4BD-4C4F-9F62-2BC863A1A9E0}.Debug|Any CPU.ActiveCfg = Debug|Any CPU
		{5C1C18D4-A4BD-4C4F-9F62-2BC863A1A9E0}.Debug|Any CPU.Build.0 = Debug|Any CPU
		{5C1C18D4-A4BD-4C4F-9F62-2BC863A1A9E0}.Release|Any CPU.ActiveCfg = Release|Any CPU
		{5C1C18D4-A4BD-4C4F-9F62-2BC863A1A9E0}.Release|Any CPU.Build.0 = Release|Any CPU
	EndGlobalSection
	GlobalSection(SolutionProperties) = preSolution
		HideSolutionNode = FALSE
	EndGlobalSection
	GlobalSection(ExtensibilityGlobals) = postSolution
		SolutionGuid = {47698538-6FF4-427A-A980-149EA61BC515}
	EndGlobalSection
EndGlobal
